Microsoft Visual Studio Solution File, Format Version 12.00
# Visual Studio Version 17
VisualStudioVersion = 17.0.31611.283
MinimumVisualStudioVersion = 10.0.40219.1
Project("{9A19103F-16F7-4668-BE54-9A1E7A4F7556}") = "TestRadzenApp", "TestRadzenApp\TestRadzenApp.csproj", "{D9E2DCE9-E3AC-4B66-8FC9-F5D222214D2A}"
EndProject
Global
	GlobalSection(SolutionConfigurationPlatforms) = preSolution
		Debug|Any CPU = Debug|Any CPU
		Release|Any CPU = Release|Any CPU
	EndGlobalSection
	GlobalSection(ProjectConfigurationPlatforms) = postSolution
		{D9E2DCE9-E3AC-4B66-8FC9-F5D222214D2A}.Debug|Any CPU.ActiveCfg = Debug|Any CPU
		{D9E2DCE9-E3AC-4B66-8FC9-F5D222214D2A}.Debug|Any CPU.Build.0 = Debug|Any CPU
		{D9E2DCE9-E3AC-4B66-8FC9-F5D222214D2A}.Debug|Any CPU.Deploy.0 = Debug|Any CPU
		{D9E2DCE9-E3AC-4B66-8FC9-F5D222214D2A}.Release|Any CPU.ActiveCfg = Release|Any CPU
		{D9E2DCE9-E3AC-4B66-8FC9-F5D222214D2A}.Release|Any CPU.Build.0 = Release|Any CPU
		{D9E2DCE9-E3AC-4B66-8FC9-F5D222214D2A}.Release|Any CPU.Deploy.0 = Release|Any CPU
	EndGlobalSection
	GlobalSection(SolutionProperties) = preSolution
		HideSolutionNode = FALSE
	EndGlobalSection
	GlobalSection(ExtensibilityGlobals) = postSolution
		        SolutionGuid = {61F7FB11-1E47-470C-91E2-47F8143E1572}
		SolutionGuid = {113ECA3C-5318-4C42-9D68-D3E266D5F887}
	EndGlobalSection
EndGlobal
